
Microsoft Visual Studio Solution File, Format Version 12.00
# Visual Studio Version 17
VisualStudioVersion = 17.6.33815.320
MinimumVisualStudioVersion = 10.0.40219.1
Project("{FAE04EC0-301F-11D3-BF4B-00C04F79EFBC}") = "MAC_use_cases", "MAC_use_cases\MAC_use_cases.csproj", "{095C4C93-44FA-4E9A-A2A5-E9D015355826}"
EndProject
Project("{FAE04EC0-301F-11D3-BF4B-00C04F79EFBC}") = "MAC_use_cases.Tests", "MAC_use_cases.Tests\MAC_use_cases.Tests.csproj", "{4C3974F2-4EFF-4168-A68E-EC9E5CACCDA1}"
EndProject
Global
	GlobalSection(SolutionConfigurationPlatforms) = preSolution
		Debug|x64 = Debug|x64
		Release|x64 = Release|x64
	EndGlobalSection
	GlobalSection(ProjectConfigurationPlatforms) = postSolution
		{095C4C93-44FA-4E9A-A2A5-E9D015355826}.Debug|x64.ActiveCfg = Debug|x64
		{095C4C93-44FA-4E9A-A2A5-E9D015355826}.Debug|x64.Build.0 = Debug|x64
		{095C4C93-44FA-4E9A-A2A5-E9D015355826}.Release|x64.ActiveCfg = Release|x64
		{095C4C93-44FA-4E9A-A2A5-E9D015355826}.Release|x64.Build.0 = Release|x64
		{4C3974F2-4EFF-4168-A68E-EC9E5CACCDA1}.Debug|x64.ActiveCfg = Debug|Any CPU
		{4C3974F2-4EFF-4168-A68E-EC9E5CACCDA1}.Debug|x64.Build.0 = Debug|Any CPU
		{4C3974F2-4EFF-4168-A68E-EC9E5CACCDA1}.Release|x64.ActiveCfg = Release|Any CPU
		{4C3974F2-4EFF-4168-A68E-EC9E5CACCDA1}.Release|x64.Build.0 = Release|Any CPU
	EndGlobalSection
	GlobalSection(SolutionProperties) = preSolution
		HideSolutionNode = FALSE
	EndGlobalSection
	GlobalSection(ExtensibilityGlobals) = postSolution
		SolutionGuid = {42C0E6D4-3983-4503-99E2-D16CC247FBB4}
	EndGlobalSection
EndGlobal
